
Microsoft Visual Studio Solution File, Format Version 12.00
# Visual Studio Version 16
VisualStudioVersion = 16.0.30611.23
MinimumVisualStudioVersion = 10.0.40219.1
Project("{888888A0-9F3D-457C-B088-3A5042F75D52}") = "IP__17123313_chest", "IP__17123313_chest.pyproj", "{37FC8DF9-97A0-437B-9AF6-E1002E32115D}"
EndProject
Global
	GlobalSection(SolutionConfigurationPlatforms) = preSolution
		Debug|Any CPU = Debug|Any CPU
		Release|Any CPU = Release|Any CPU
	EndGlobalSection
	GlobalSection(ProjectConfigurationPlatforms) = postSolution
		{37FC8DF9-97A0-437B-9AF6-E1002E32115D}.Debug|Any CPU.ActiveCfg = Debug|Any CPU
		{37FC8DF9-97A0-437B-9AF6-E1002E32115D}.Release|Any CPU.ActiveCfg = Release|Any CPU
	EndGlobalSection
	GlobalSection(SolutionProperties) = preSolution
		HideSolutionNode = FALSE
	EndGlobalSection
	GlobalSection(ExtensibilityGlobals) = postSolution
		SolutionGuid = {C179FCFC-9BEA-4B39-99A6-1400E9CF538D}
	EndGlobalSection
EndGlobal
